schema: '2.0'
stages:
  prepare:
    cmd: python src/data/make_dataset.py
    deps:
    - path: data/raw/vicinitas_user_tweets_vest_scoring_layout.xlsx
      md5: eecef894e1f19aa6eb08cba94423fb38
      size: 2445773
    - path: src/data/data_utils.py
      md5: 309819fb41c9b296bdcd9266ce60e3a5
      size: 542
    - path: src/data/make_dataset.py
      md5: d0630275f90aa5e8047da3ab62467df1
      size: 2187
    outs:
    - path: data/processed
      md5: 0cbe99abb51885dd85a3d99bcbb388d6.dir
      size: 290168
      nfiles: 1
  train:
    cmd: python src/models/train_model.py
    deps:
    - path: data/processed
      md5: 0cbe99abb51885dd85a3d99bcbb388d6.dir
      size: 290168
      nfiles: 1
    - path: src/models/model_utils.py
      md5: 14d07641119d7604f8e00c6a682b85a6
      size: 4073
    - path: src/models/train_model.py
      md5: 1a3728433f9c6556c7efa357c899388f
      size: 7571
    outs:
    - path: metrics.json
      md5: 45ca15ccfa29cd6e3ecca30fa4545fcf
      size: 62
    - path: models/model.joblib
      md5: 3dc7e74d66d41613b6abdd91565121ff
      size: 93087
